// !$*UTF8*$!
{
	archiveVersion = 1;
	classes = {
	};
	objectVersion = 48;
	objects = {

/* Begin PBXBuildFile section */
		A58878E8422DFC072E3EB7AF /* Pods_tumblr.framework in Frameworks */ = {isa = PBXBuildFile; fileRef = 1879C8DD0742191D4255ED2C /* Pods_tumblr.framework */; };
		B29CE9802022C93A00163DAE /* AppDelegate.swift in Sources */ = {isa = PBXBuildFile; fileRef = B29CE97F2022C93A00163DAE /* AppDelegate.swift */; };
		B29CE9852022C93A00163DAE /* Main.storyboard in Resources */ = {isa = PBXBuildFile; fileRef = B29CE9832022C93A00163DAE /* Main.storyboard */; };
		B29CE9872022C93A00163DAE /* Assets.xcassets in Resources */ = {isa = PBXBuildFile; fileRef = B29CE9862022C93A00163DAE /* Assets.xcassets */; };
		B29CE98A2022C93A00163DAE /* LaunchScreen.storyboard in Resources */ = {isa = PBXBuildFile; fileRef = B29CE9882022C93A00163DAE /* LaunchScreen.storyboard */; };
		B29CE9952022C93B00163DAE /* tumblrTests.swift in Sources */ = {isa = PBXBuildFile; fileRef = B29CE9942022C93B00163DAE /* tumblrTests.swift */; };
		B29CE9A02022C93B00163DAE /* tumblrUITests.swift in Sources */ = {isa = PBXBuildFile; fileRef = B29CE99F2022C93B00163DAE /* tumblrUITests.swift */; };
		B29CE9B02022CF5000163DAE /* PhotosViewController.swift in Sources */ = {isa = PBXBuildFile; fileRef = B29CE9AF2022CF5000163DAE /* PhotosViewController.swift */; };
		B29CE9B42022D57200163DAE /* PhotoCell.swift in Sources */ = {isa = PBXBuildFile; fileRef = B29CE9B32022D57200163DAE /* PhotoCell.swift */; };
/* End PBXBuildFile section */

/* Begin PBXContainerItemProxy section */
		B29CE9912022C93B00163DAE /* PBXContainerItemProxy */ = {
			isa = PBXContainerItemProxy;
			containerPortal = B29CE9742022C93A00163DAE /* Project object */;
			proxyType = 1;
			remoteGlobalIDString = B29CE97B2022C93A00163DAE;
			remoteInfo = tumblr;
		};
		B29CE99C2022C93B00163DAE /* PBXContainerItemProxy */ = {
			isa = PBXContainerItemProxy;
			containerPortal = B29CE9742022C93A00163DAE /* Project object */;
			proxyType = 1;
			remoteGlobalIDString = B29CE97B2022C93A00163DAE;
			remoteInfo = tumblr;
		};
/* End PBXContainerItemProxy section */

/* Begin PBXFileReference section */
		1879C8DD0742191D4255ED2C /* Pods_tumblr.framework */ = {isa = PBXFileReference; explicitFileType = wrapper.framework; includeInIndex = 0; path = Pods_tumblr.framework; sourceTree = BUILT_PRODUCTS_DIR; };
		6900BBA8F056C8BDACE5B5F4 /* Pods-tumblr.release.xcconfig */ = {isa = PBXFileReference; includeInIndex = 1; lastKnownFileType = text.xcconfig; name = "Pods-tumblr.release.xcconfig"; path = "Pods/Target Support Files/Pods-tumblr/Pods-tumblr.release.xcconfig"; sourceTree = "<group>"; };
		9A7221F4A2F4ABAEE7C2FD4C /* Pods-tumblr.debug.xcconfig */ = {isa = PBXFileReference; includeInIndex = 1; lastKnownFileType = text.xcconfig; name = "Pods-tumblr.debug.xcconfig"; path = "Pods/Target Support Files/Pods-tumblr/Pods-tumblr.debug.xcconfig"; sourceTree = "<group>"; };
		B29CE97C2022C93A00163DAE /* tumblr.app */ = {isa = PBXFileReference; explicitFileType = wrapper.application; includeInIndex = 0; path = tumblr.app; sourceTree = BUILT_PRODUCTS_DIR; };
		B29CE97F2022C93A00163DAE /* AppDelegate.swift */ = {isa = PBXFileReference; lastKnownFileType = sourcecode.swift; path = AppDelegate.swift; sourceTree = "<group>"; };
		B29CE9842022C93A00163DAE /* Base */ = {isa = PBXFileReference; lastKnownFileType = file.storyboard; name = Base; path = Base.lproj/Main.storyboard; sourceTree = "<group>"; };
		B29CE9862022C93A00163DAE /* Assets.xcassets */ = {isa = PBXFileReference; lastKnownFileType = folder.assetcatalog; path = Assets.xcassets; sourceTree = "<group>"; };
		B29CE9892022C93A00163DAE /* Base */ = {isa = PBXFileReference; lastKnownFileType = file.storyboard; name = Base; path = Base.lproj/LaunchScreen.storyboard; sourceTree = "<group>"; };
		B29CE98B2022C93A00163DAE /* Info.plist */ = {isa = PBXFileReference; lastKnownFileType = text.plist.xml; path = Info.plist; sourceTree = "<group>"; };
		B29CE9902022C93B00163DAE /* tumblrTests.xctest */ = {isa = PBXFileReference; explicitFileType = wrapper.cfbundle; includeInIndex = 0; path = tumblrTests.xctest; sourceTree = BUILT_PRODUCTS_DIR; };
		B29CE9942022C93B00163DAE /* tumblrTests.swift */ = {isa = PBXFileReference; lastKnownFileType = sourcecode.swift; path = tumblrTests.swift; sourceTree = "<group>"; };
		B29CE9962022C93B00163DAE /* Info.plist */ = {isa = PBXFileReference; lastKnownFileType = text.plist.xml; path = Info.plist; sourceTree = "<group>"; };
		B29CE99B2022C93B00163DAE /* tumblrUITests.xctest */ = {isa = PBXFileReference; explicitFileType = wrapper.cfbundle; includeInIndex = 0; path = tumblrUITests.xctest; sourceTree = BUILT_PRODUCTS_DIR; };
		B29CE99F2022C93B00163DAE /* tumblrUITests.swift */ = {isa = PBXFileReference; lastKnownFileType = sourcecode.swift; path = tumblrUITests.swift; sourceTree = "<group>"; };
		B29CE9A12022C93B00163DAE /* Info.plist */ = {isa = PBXFileReference; lastKnownFileType = text.plist.xml; path = Info.plist; sourceTree = "<group>"; };
		B29CE9AF2022CF5000163DAE /* PhotosViewController.swift */ = {isa = PBXFileReference; lastKnownFileType = sourcecode.swift; path = PhotosViewController.swift; sourceTree = "<group>"; };
		B29CE9B32022D57200163DAE /* PhotoCell.swift */ = {isa = PBXFileReference; lastKnownFileType = sourcecode.swift; path = PhotoCell.swift; sourceTree = "<group>"; };
/* End PBXFileReference section */

/* Begin PBXFrameworksBuildPhase section */
		B29CE9792022C93A00163DAE /* Frameworks */ = {
			isa = PBXFrameworksBuildPhase;
			buildActionMask = 2147483647;
			files = (
				A58878E8422DFC072E3EB7AF /* Pods_tumblr.framework in Frameworks */,
			);
			runOnlyForDeploymentPostprocessing = 0;
		};
		B29CE98D2022C93B00163DAE /* Frameworks */ = {
			isa = PBXFrameworksBuildPhase;
			buildActionMask = 2147483647;
			files = (
			);
			runOnlyForDeploymentPostprocessing = 0;
		};
		B29CE9982022C93B00163DAE /* Frameworks */ = {
			isa = PBXFrameworksBuildPhase;
			buildActionMask = 2147483647;
			files = (
			);
			runOnlyForDeploymentPostprocessing = 0;
		};
/* End PBXFrameworksBuildPhase section */

/* Begin PBXGroup section */
		7775742F29AB54D0A69FF566 /* Frameworks */ = {
			isa = PBXGroup;
			children = (
				1879C8DD0742191D4255ED2C /* Pods_tumblr.framework */,
			);
			name = Frameworks;
			sourceTree = "<group>";
		};
		B29CE9732022C93A00163DAE = {
			isa = PBXGroup;
			children = (
				B29CE97E2022C93A00163DAE /* tumblr */,
				B29CE9932022C93B00163DAE /* tumblrTests */,
				B29CE99E2022C93B00163DAE /* tumblrUITests */,
				B29CE97D2022C93A00163DAE /* Products */,
				BABE67965EB260636408FBE4 /* Pods */,
				7775742F29AB54D0A69FF566 /* Frameworks */,
			);
			sourceTree = "<group>";
		};
		B29CE97D2022C93A00163DAE /* Products */ = {
			isa = PBXGroup;
			children = (
				B29CE97C2022C93A00163DAE /* tumblr.app */,
				B29CE9902022C93B00163DAE /* tumblrTests.xctest */,
				B29CE99B2022C93B00163DAE /* tumblrUITests.xctest */,
			);
			name = Products;
			sourceTree = "<group>";
		};
		B29CE97E2022C93A00163DAE /* tumblr */ = {
			isa = PBXGroup;
			children = (
				B29CE97F2022C93A00163DAE /* AppDelegate.swift */,
				B29CE9AF2022CF5000163DAE /* PhotosViewController.swift */,
				B29CE9B32022D57200163DAE /* PhotoCell.swift */,
				B29CE9832022C93A00163DAE /* Main.storyboard */,
				B29CE9862022C93A00163DAE /* Assets.xcassets */,
				B29CE9882022C93A00163DAE /* LaunchScreen.storyboard */,
				B29CE98B2022C93A00163DAE /* Info.plist */,
			);
			path = tumblr;
			sourceTree = "<group>";
		};
		B29CE9932022C93B00163DAE /* tumblrTests */ = {
			isa = PBXGroup;
			children = (
				B29CE9942022C93B00163DAE /* tumblrTests.swift */,
				B29CE9962022C93B00163DAE /* Info.plist */,
			);
			path = tumblrTests;
			sourceTree = "<group>";
		};
		B29CE99E2022C93B00163DAE /* tumblrUITests */ = {
			isa = PBXGroup;
			children = (
				B29CE99F2022C93B00163DAE /* tumblrUITests.swift */,
				B29CE9A12022C93B00163DAE /* Info.plist */,
			);
			path = tumblrUITests;
			sourceTree = "<group>";
		};
		BABE67965EB260636408FBE4 /* Pods */ = {
			isa = PBXGroup;
			children = (
				9A7221F4A2F4ABAEE7C2FD4C /* Pods-tumblr.debug.xcconfig */,
				6900BBA8F056C8BDACE5B5F4 /* Pods-tumblr.release.xcconfig */,
			);
			name = Pods;
			sourceTree = "<group>";
		};
/* End PBXGroup section */

/* Begin PBXNativeTarget section */
		B29CE97B2022C93A00163DAE /* tumblr */ = {
			isa = PBXNativeTarget;
			buildConfigurationList = B29CE9A42022C93B00163DAE /* Build configuration list for PBXNativeTarget "tumblr" */;
			buildPhases = (
				41DD60691D73613717CD9FBE /* [CP] Check Pods Manifest.lock */,
				B29CE9782022C93A00163DAE /* Sources */,
				B29CE9792022C93A00163DAE /* Frameworks */,
				B29CE97A2022C93A00163DAE /* Resources */,
				A1A54E6F68246CE8798367F9 /* [CP] Embed Pods Frameworks */,
				48A49A9234F99B0C7C388413 /* [CP] Copy Pods Resources */,
			);
			buildRules = (
			);
			dependencies = (
			);
			name = tumblr;
			productName = tumblr;
			productReference = B29CE97C2022C93A00163DAE /* tumblr.app */;
			productType = "com.apple.product-type.application";
		};
		B29CE98F2022C93B00163DAE /* tumblrTests */ = {
			isa = PBXNativeTarget;
			buildConfigurationList = B29CE9A72022C93B00163DAE /* Build configuration list for PBXNativeTarget "tumblrTests" */;
			buildPhases = (
				B29CE98C2022C93B00163DAE /* Sources */,
				B29CE98D2022C93B00163DAE /* Frameworks */,
				B29CE98E2022C93B00163DAE /* Resources */,
			);
			buildRules = (
			);
			dependencies = (
				B29CE9922022C93B00163DAE /* PBXTargetDependency */,
			);
			name = tumblrTests;
			productName = tumblrTests;
			productReference = B29CE9902022C93B00163DAE /* tumblrTests.xctest */;
			productType = "com.apple.product-type.bundle.unit-test";
		};
		B29CE99A2022C93B00163DAE /* tumblrUITests */ = {
			isa = PBXNativeTarget;
			buildConfigurationList = B29CE9AA2022C93B00163DAE /* Build configuration list for PBXNativeTarget "tumblrUITests" */;
			buildPhases = (
				B29CE9972022C93B00163DAE /* Sources */,
				B29CE9982022C93B00163DAE /* Frameworks */,
				B29CE9992022C93B00163DAE /* Resources */,
			);
			buildRules = (
			);
			dependencies = (
				B29CE99D2022C93B00163DAE /* PBXTargetDependency */,
			);
			name = tumblrUITests;
			productName = tumblrUITests;
			productReference = B29CE99B2022C93B00163DAE /* tumblrUITests.xctest */;
			productType = "com.apple.product-type.bundle.ui-testing";
		};
/* End PBXNativeTarget section */

/* Begin PBXProject section */
		B29CE9742022C93A00163DAE /* Project object */ = {
			isa = PBXProject;
			attributes = {
				LastSwiftUpdateCheck = 0920;
				LastUpgradeCheck = 0920;
				ORGANIZATIONNAME = "Jiahao Wu";
				TargetAttributes = {
					B29CE97B2022C93A00163DAE = {
						CreatedOnToolsVersion = 9.2;
						ProvisioningStyle = Automatic;
					};
					B29CE98F2022C93B00163DAE = {
						CreatedOnToolsVersion = 9.2;
						ProvisioningStyle = Automatic;
						TestTargetID = B29CE97B2022C93A00163DAE;
					};
					B29CE99A2022C93B00163DAE = {
						CreatedOnToolsVersion = 9.2;
						ProvisioningStyle = Automatic;
						TestTargetID = B29CE97B2022C93A00163DAE;
					};
				};
			};
			buildConfigurationList = B29CE9772022C93A00163DAE /* Build configuration list for PBXProject "tumblr" */;
			compatibilityVersion = "Xcode 8.0";
			developmentRegion = en;
			hasScannedForEncodings = 0;
			knownRegions = (
				en,
				Base,
			);
			mainGroup = B29CE9732022C93A00163DAE;
			productRefGroup = B29CE97D2022C93A00163DAE /* Products */;
			projectDirPath = "";
			projectRoot = "";
			targets = (
				B29CE97B2022C93A00163DAE /* tumblr */,
				B29CE98F2022C93B00163DAE /* tumblrTests */,
				B29CE99A2022C93B00163DAE /* tumblrUITests */,
			);
		};
/* End PBXProject section */

/* Begin PBXResourcesBuildPhase section */
		B29CE97A2022C93A00163DAE /* Resources */ = {
			isa = PBXResourcesBuildPhase;
			buildActionMask = 2147483647;
			files = (
				B29CE98A2022C93A00163DAE /* LaunchScreen.storyboard in Resources */,
				B29CE9872022C93A00163DAE /* Assets.xcassets in Resources */,
				B29CE9852022C93A00163DAE /* Main.storyboard in Resources */,
			);
			runOnlyForDeploymentPostprocessing = 0;
		};
		B29CE98E2022C93B00163DAE /* Resources */ = {
			isa = PBXResourcesBuildPhase;
			buildActionMask = 2147483647;
			files = (
			);
			runOnlyForDeploymentPostprocessing = 0;
		};
		B29CE9992022C93B00163DAE /* Resources */ = {
			isa = PBXResourcesBuildPhase;
			buildActionMask = 2147483647;
			files = (
			);
			runOnlyForDeploymentPostprocessing = 0;
		};
/* End PBXResourcesBuildPhase section */

/* Begin PBXShellScriptBuildPhase section */
		41DD60691D73613717CD9FBE /* [CP] Check Pods Manifest.lock */ = {
			isa = PBXShellScriptBuildPhase;
			buildActionMask = 2147483647;
			files = (
			);
			inputPaths = (
				"${PODS_PODFILE_DIR_PATH}/Podfile.lock",
				"${PODS_ROOT}/Manifest.lock",
			);
			name = "[CP] Check Pods Manifest.lock";
			outputPaths = (
				"$(DERIVED_FILE_DIR)/Pods-tumblr-checkManifestLockResult.txt",
			);
			runOnlyForDeploymentPostprocessing = 0;
			shellPath = /bin/sh;
			shellScript = "diff \"${PODS_PODFILE_DIR_PATH}/Podfile.lock\" \"${PODS_ROOT}/Manifest.lock\" > /dev/null\nif [ $? != 0 ] ; then\n    # print error to STDERR\n    echo \"error: The sandbox is not in sync with the Podfile.lock. Run 'pod install' or update your CocoaPods installation.\" >&2\n    exit 1\nfi\n# This output is used by Xcode 'outputs' to avoid re-running this script phase.\necho \"SUCCESS\" > \"${SCRIPT_OUTPUT_FILE_0}\"\n";
			showEnvVarsInLog = 0;
		};
		48A49A9234F99B0C7C388413 /* [CP] Copy Pods Resources */ = {
			isa = PBXShellScriptBuildPhase;
			buildActionMask = 2147483647;
			files = (
			);
			inputPaths = (
			);
			name = "[CP] Copy Pods Resources";
			outputPaths = (
			);
			runOnlyForDeploymentPostprocessing = 0;
			shellPath = /bin/sh;
			shellScript = "\"${SRCROOT}/Pods/Target Support Files/Pods-tumblr/Pods-tumblr-resources.sh\"\n";
			showEnvVarsInLog = 0;
		};
		A1A54E6F68246CE8798367F9 /* [CP] Embed Pods Frameworks */ = {
			isa = PBXShellScriptBuildPhase;
			buildActionMask = 2147483647;
			files = (
			);
			inputPaths = (
				"${SRCROOT}/Pods/Target Support Files/Pods-tumblr/Pods-tumblr-frameworks.sh",
				"${BUILT_PRODUCTS_DIR}/Alamofire/Alamofire.framework",
				"${BUILT_PRODUCTS_DIR}/AlamofireImage/AlamofireImage.framework",
				"${BUILT_PRODUCTS_DIR}/OAuthSwift/OAuthSwift.framework",
				"${BUILT_PRODUCTS_DIR}/OAuthSwiftAlamofire/OAuthSwiftAlamofire.framework",
			);
			name = "[CP] Embed Pods Frameworks";
			outputPaths = (
				"${TARGET_BUILD_DIR}/${FRAMEWORKS_FOLDER_PATH}/Alamofire.framework",
				"${TARGET_BUILD_DIR}/${FRAMEWORKS_FOLDER_PATH}/AlamofireImage.framework",
				"${TARGET_BUILD_DIR}/${FRAMEWORKS_FOLDER_PATH}/OAuthSwift.framework",
				"${TARGET_BUILD_DIR}/${FRAMEWORKS_FOLDER_PATH}/OAuthSwiftAlamofire.framework",
			);
			runOnlyForDeploymentPostprocessing = 0;
			shellPath = /bin/sh;
			shellScript = "\"${SRCROOT}/Pods/Target Support Files/Pods-tumblr/Pods-tumblr-frameworks.sh\"\n";
			showEnvVarsInLog = 0;
		};
/* End PBXShellScriptBuildPhase section */

/* Begin PBXSourcesBuildPhase section */
		B29CE9782022C93A00163DAE /* Sources */ = {
			isa = PBXSourcesBuildPhase;
			buildActionMask = 2147483647;
			files = (
				B29CE9802022C93A00163DAE /* AppDelegate.swift in Sources */,
				B29CE9B42022D57200163DAE /* PhotoCell.swift in Sources */,
				B29CE9B02022CF5000163DAE /* PhotosViewController.swift in Sources */,
			);
			runOnlyForDeploymentPostprocessing = 0;
		};
		B29CE98C2022C93B00163DAE /* Sources */ = {
			isa = PBXSourcesBuildPhase;
			buildActionMask = 2147483647;
			files = (
				B29CE9952022C93B00163DAE /* tumblrTests.swift in Sources */,
			);
			runOnlyForDeploymentPostprocessing = 0;
		};
		B29CE9972022C93B00163DAE /* Sources */ = {
			isa = PBXSourcesBuildPhase;
			buildActionMask = 2147483647;
			files = (
				B29CE9A02022C93B00163DAE /* tumblrUITests.swift in Sources */,
			);
			runOnlyForDeploymentPostprocessing = 0;
		};
/* End PBXSourcesBuildPhase section */

/* Begin PBXTargetDependency section */
		B29CE9922022C93B00163DAE /* PBXTargetDependency */ = {
			isa = PBXTargetDependency;
			target = B29CE97B2022C93A00163DAE /* tumblr */;
			targetProxy = B29CE9912022C93B00163DAE /* PBXContainerItemProxy */;
		};
		B29CE99D2022C93B00163DAE /* PBXTargetDependency */ = {
			isa = PBXTargetDependency;
			target = B29CE97B2022C93A00163DAE /* tumblr */;
			targetProxy = B29CE99C2022C93B00163DAE /* PBXContainerItemProxy */;
		};
/* End PBXTargetDependency section */

/* Begin PBXVariantGroup section */
		B29CE9832022C93A00163DAE /* Main.storyboard */ = {
			isa = PBXVariantGroup;
			children = (
				B29CE9842022C93A00163DAE /* Base */,
			);
			name = Main.storyboard;
			sourceTree = "<group>";
		};
		B29CE9882022C93A00163DAE /* LaunchScreen.storyboard */ = {
			isa = PBXVariantGroup;
			children = (
				B29CE9892022C93A00163DAE /* Base */,
			);
			name = LaunchScreen.storyboard;
			sourceTree = "<group>";
		};
/* End PBXVariantGroup section */

/* Begin XCBuildConfiguration section */
		B29CE9A22022C93B00163DAE /* Debug */ = {
			isa = XCBuildConfiguration;
			buildSettings = {
				ALWAYS_SEARCH_USER_PATHS = NO;
				CLANG_ANALYZER_NONNULL = YES;
				CLANG_ANALYZER_NUMBER_OBJECT_CONVERSION = YES_AGGRESSIVE;
				CLANG_CXX_LANGUAGE_STANDARD = "gnu++14";
				CLANG_CXX_LIBRARY = "libc++";
				CLANG_ENABLE_MODULES = YES;
				CLANG_ENABLE_OBJC_ARC = YES;
				CLANG_WARN_BLOCK_CAPTURE_AUTORELEASING = YES;
				CLANG_WARN_BOOL_CONVERSION = YES;
				CLANG_WARN_COMMA = YES;
				CLANG_WARN_CONSTANT_CONVERSION = YES;
				CLANG_WARN_DIRECT_OBJC_ISA_USAGE = YES_ERROR;
				CLANG_WARN_DOCUMENTATION_COMMENTS = YES;
				CLANG_WARN_EMPTY_BODY = YES;
				CLANG_WARN_ENUM_CONVERSION = YES;
				CLANG_WARN_INFINITE_RECURSION = YES;
				CLANG_WARN_INT_CONVERSION = YES;
				CLANG_WARN_NON_LITERAL_NULL_CONVERSION = YES;
				CLANG_WARN_OBJC_LITERAL_CONVERSION = YES;
				CLANG_WARN_OBJC_ROOT_CLASS = YES_ERROR;
				CLANG_WARN_RANGE_LOOP_ANALYSIS = YES;
				CLANG_WARN_STRICT_PROTOTYPES = YES;
				CLANG_WARN_SUSPICIOUS_MOVE = YES;
				CLANG_WARN_UNGUARDED_AVAILABILITY = YES_AGGRESSIVE;
				CLANG_WARN_UNREACHABLE_CODE = YES;
				CLANG_WARN__DUPLICATE_METHOD_MATCH = YES;
				CODE_SIGN_IDENTITY = "iPhone Developer";
				COPY_PHASE_STRIP = NO;
				DEBUG_INFORMATION_FORMAT = dwarf;
				ENABLE_STRICT_OBJC_MSGSEND = YES;
				ENABLE_TESTABILITY = YES;
				GCC_C_LANGUAGE_STANDARD = gnu11;
				GCC_DYNAMIC_NO_PIC = NO;
				GCC_NO_COMMON_BLOCKS = YES;
				GCC_OPTIMIZATION_LEVEL = 0;
				GCC_PREPROCESSOR_DEFINITIONS = (
					"DEBUG=1",
					"$(inherited)",
				);
				GCC_WARN_64_TO_32_BIT_CONVERSION = YES;
				GCC_WARN_ABOUT_RETURN_TYPE = YES_ERROR;
				GCC_WARN_UNDECLARED_SELECTOR = YES;
				GCC_WARN_UNINITIALIZED_AUTOS = YES_AGGRESSIVE;
				GCC_WARN_UNUSED_FUNCTION = YES;
				GCC_WARN_UNUSED_VARIABLE = YES;
				IPHONEOS_DEPLOYMENT_TARGET = 11.2;
				MTL_ENABLE_DEBUG_INFO = YES;
				ONLY_ACTIVE_ARCH = YES;
				SDKROOT = iphoneos;
				SWIFT_ACTIVE_COMPILATION_CONDITIONS = DEBUG;
				SWIFT_OPTIMIZATION_LEVEL = "-Onone";
			};
			name = Debug;
		};
		B29CE9A32022C93B00163DAE /* Release */ = {
			isa = XCBuildConfiguration;
			buildSettings = {
				ALWAYS_SEARCH_USER_PATHS = NO;
				CLANG_ANALYZER_NONNULL = YES;
				CLANG_ANALYZER_NUMBER_OBJECT_CONVERSION = YES_AGGRESSIVE;
				CLANG_CXX_LANGUAGE_STANDARD = "gnu++14";
				CLANG_CXX_LIBRARY = "libc++";
				CLANG_ENABLE_MODULES = YES;
				CLANG_ENABLE_OBJC_ARC = YES;
				CLANG_WARN_BLOCK_CAPTURE_AUTORELEASING = YES;
				CLANG_WARN_BOOL_CONVERSION = YES;
				CLANG_WARN_COMMA = YES;
				CLANG_WARN_CONSTANT_CONVERSION = YES;
				CLANG_WARN_DIRECT_OBJC_ISA_USAGE = YES_ERROR;
				CLANG_WARN_DOCUMENTATION_COMMENTS = YES;
				CLANG_WARN_EMPTY_BODY = YES;
				CLANG_WARN_ENUM_CONVERSION = YES;
				CLANG_WARN_INFINITE_RECURSION = YES;
				CLANG_WARN_INT_CONVERSION = YES;
				CLANG_WARN_NON_LITERAL_NULL_CONVERSION = YES;
				CLANG_WARN_OBJC_LITERAL_CONVERSION = YES;
				CLANG_WARN_OBJC_ROOT_CLASS = YES_ERROR;
				CLANG_WARN_RANGE_LOOP_ANALYSIS = YES;
				CLANG_WARN_STRICT_PROTOTYPES = YES;
				CLANG_WARN_SUSPICIOUS_MOVE = YES;
				CLANG_WARN_UNGUARDED_AVAILABILITY = YES_AGGRESSIVE;
				CLANG_WARN_UNREACHABLE_CODE = YES;
				CLANG_WARN__DUPLICATE_METHOD_MATCH = YES;
				CODE_SIGN_IDENTITY = "iPhone Developer";
				COPY_PHASE_STRIP = NO;
				DEBUG_INFORMATION_FORMAT = "dwarf-with-dsym";
				ENABLE_NS_ASSERTIONS = NO;
				ENABLE_STRICT_OBJC_MSGSEND = YES;
				GCC_C_LANGUAGE_STANDARD = gnu11;
				GCC_NO_COMMON_BLOCKS = YES;
				GCC_WARN_64_TO_32_BIT_CONVERSION = YES;
				GCC_WARN_ABOUT_RETURN_TYPE = YES_ERROR;
				GCC_WARN_UNDECLARED_SELECTOR = YES;
				GCC_WARN_UNINITIALIZED_AUTOS = YES_AGGRESSIVE;
				GCC_WARN_UNUSED_FUNCTION = YES;
				GCC_WARN_UNUSED_VARIABLE = YES;
				IPHONEOS_DEPLOYMENT_TARGET = 11.2;
				MTL_ENABLE_DEBUG_INFO = NO;
				SDKROOT = iphoneos;
				SWIFT_OPTIMIZATION_LEVEL = "-Owholemodule";
				VALIDATE_PRODUCT = YES;
			};
			name = Release;
		};
		B29CE9A52022C93B00163DAE /* Debug */ = {
			isa = XCBuildConfiguration;
			baseConfigurationReference = 9A7221F4A2F4ABAEE7C2FD4C /* Pods-tumblr.debug.xcconfig */;
			buildSettings = {
				ASSETCATALOG_COMPILER_APPICON_NAME = AppIcon;
				CODE_SIGN_STYLE = Automatic;
				INFOPLIST_FILE = tumblr/Info.plist;
				LD_RUNPATH_SEARCH_PATHS = "$(inherited) @executable_path/Frameworks";
				PRODUCT_BUNDLE_IDENTIFIER = kylezhong.tumblr;
				PRODUCT_NAME = "$(TARGET_NAME)";
				SWIFT_VERSION = 4.0;
				TARGETED_DEVICE_FAMILY = "1,2";
			};
			name = Debug;
		};
		B29CE9A62022C93B00163DAE /* Release */ = {
			isa = XCBuildConfiguration;
			baseConfigurationReference = 6900BBA8F056C8BDACE5B5F4 /* Pods-tumblr.release.xcconfig */;
			buildSettings = {
				ASSETCATALOG_COMPILER_APPICON_NAME = AppIcon;
				CODE_SIGN_STYLE = Automatic;
				INFOPLIST_FILE = tumblr/Info.plist;
				LD_RUNPATH_SEARCH_PATHS = "$(inherited) @executable_path/Frameworks";
				PRODUCT_BUNDLE_IDENTIFIER = kylezhong.tumblr;
				PRODUCT_NAME = "$(TARGET_NAME)";
				SWIFT_VERSION = 4.0;
				TARGETED_DEVICE_FAMILY = "1,2";
			};
			name = Release;
		};
		B29CE9A82022C93B00163DAE /* Debug */ = {
			isa = XCBuildConfiguration;
			buildSettings = {
				ALWAYS_EMBED_SWIFT_STANDARD_LIBRARIES = YES;
				BUNDLE_LOADER = "$(TEST_HOST)";
				CODE_SIGN_STYLE = Automatic;
				INFOPLIST_FILE = tumblrTests/Info.plist;
				LD_RUNPATH_SEARCH_PATHS = "$(inherited) @executable_path/Frameworks @loader_path/Frameworks";
				PRODUCT_BUNDLE_IDENTIFIER = kylezhong.tumblrTests;
				PRODUCT_NAME = "$(TARGET_NAME)";
				SWIFT_VERSION = 4.0;
				TARGETED_DEVICE_FAMILY = "1,2";
				TEST_HOST = "$(BUILT_PRODUCTS_DIR)/tumblr.app/tumblr";
			};
			name = Debug;
		};
		B29CE9A92022C93B00163DAE /* Release */ = {
			isa = XCBuildConfiguration;
			buildSettings = {
				ALWAYS_EMBED_SWIFT_STANDARD_LIBRARIES = YES;
				BUNDLE_LOADER = "$(TEST_HOST)";
				CODE_SIGN_STYLE = Automatic;
				INFOPLIST_FILE = tumblrTests/Info.plist;
				LD_RUNPATH_SEARCH_PATHS = "$(inherited) @executable_path/Frameworks @loader_path/Frameworks";
				PRODUCT_BUNDLE_IDENTIFIER = kylezhong.tumblrTests;
				PRODUCT_NAME = "$(TARGET_NAME)";
				SWIFT_VERSION = 4.0;
				TARGETED_DEVICE_FAMILY = "1,2";
				TEST_HOST = "$(BUILT_PRODUCTS_DIR)/tumblr.app/tumblr";
			};
			name = Release;
		};
		B29CE9AB2022C93B00163DAE /* Debug */ = {
			isa = XCBuildConfiguration;
			buildSettings = {
				ALWAYS_EMBED_SWIFT_STANDARD_LIBRARIES = YES;
				CODE_SIGN_STYLE = Automatic;
				INFOPLIST_FILE = tumblrUITests/Info.plist;
				LD_RUNPATH_SEARCH_PATHS = "$(inherited) @executable_path/Frameworks @loader_path/Frameworks";
				PRODUCT_BUNDLE_IDENTIFIER = kylezhong.tumblrUITests;
				PRODUCT_NAME = "$(TARGET_NAME)";
				SWIFT_VERSION = 4.0;
				TARGETED_DEVICE_FAMILY = "1,2";
				TEST_TARGET_NAME = tumblr;
			};
			name = Debug;
		};
		B29CE9AC2022C93B00163DAE /* Release */ = {
			isa = XCBuildConfiguration;
			buildSettings = {
				ALWAYS_EMBED_SWIFT_STANDARD_LIBRARIES = YES;
				CODE_SIGN_STYLE = Automatic;
				INFOPLIST_FILE = tumblrUITests/Info.plist;
				LD_RUNPATH_SEARCH_PATHS = "$(inherited) @executable_path/Frameworks @loader_path/Frameworks";
				PRODUCT_BUNDLE_IDENTIFIER = kylezhong.tumblrUITests;
				PRODUCT_NAME = "$(TARGET_NAME)";
				SWIFT_VERSION = 4.0;
				TARGETED_DEVICE_FAMILY = "1,2";
				TEST_TARGET_NAME = tumblr;
			};
			name = Release;
		};
/* End XCBuildConfiguration section */

/* Begin XCConfigurationList section */
		B29CE9772022C93A00163DAE /* Build configuration list for PBXProject "tumblr" */ = {
			isa = XCConfigurationList;
			buildConfigurations = (
				B29CE9A22022C93B00163DAE /* Debug */,
				B29CE9A32022C93B00163DAE /* Release */,
			);
			defaultConfigurationIsVisible = 0;
			defaultConfigurationName = Release;
		};
		B29CE9A42022C93B00163DAE /* Build configuration list for PBXNativeTarget "tumblr" */ = {
			isa = XCConfigurationList;
			buildConfigurations = (
				B29CE9A52022C93B00163DAE /* Debug */,
				B29CE9A62022C93B00163DAE /* Release */,
			);
			defaultConfigurationIsVisible = 0;
			defaultConfigurationName = Release;
		};
		B29CE9A72022C93B00163DAE /* Build configuration list for PBXNativeTarget "tumblrTests" */ = {
			isa = XCConfigurationList;
			buildConfigurations = (
				B29CE9A82022C93B00163DAE /* Debug */,
				B29CE9A92022C93B00163DAE /* Release */,
			);
			defaultConfigurationIsVisible = 0;
			defaultConfigurationName = Release;
		};
		B29CE9AA2022C93B00163DAE /* Build configuration list for PBXNativeTarget "tumblrUITests" */ = {
			isa = XCConfigurationList;
			buildConfigurations = (
				B29CE9AB2022C93B00163DAE /* Debug */,
				B29CE9AC2022C93B00163DAE /* Release */,
			);
			defaultConfigurationIsVisible = 0;
			defaultConfigurationName = Release;
		};
/* End XCConfigurationList section */
	};
	rootObject = B29CE9742022C93A00163DAE /* Project object */;
}
